Microsoft Visual Studio Solution File, Format Version 12.00
# Visual Studio Version 16
VisualStudioVersion = 16.0.0.0
MinimumVisualStudioVersion = 16.0.0.0
Project("{9A19103F-16F7-4668-BE54-9A1E7A4F7556}") = "BlazorWebAppMovies", "BlazorWebAppMovies\BlazorWebAppMovies.csproj", "{97846E5D-0C2D-40A8-A13E-B0DC7771EE3C}"
EndProject
Project("{9A19103F-16F7-4668-BE54-9A1E7A4F7556}") = "BlazorWebAppMovies.Client", "BlazorWebAppMovies.Client\BlazorWebAppMovies.Client.csproj", "{02040324-5DEF-4D74-8D0C-4F7295B6C33E}"
EndProject
Project("{FAE04EC0-301F-11D3-BF4B-00C04F79EFBC}") = "BlazorWebAppMovies.AcceptanceTests", "BlazorWebAppMovies.AcceptanceTests\BlazorWebAppMovies.AcceptanceTests.csproj", "{CB060882-441E-456A-A581-5B515B86ED09}"
EndProject
Project("{FAE04EC0-301F-11D3-BF4B-00C04F79EFBC}") = "BlazorWebAppMovies.BusinessLogic", "BlazorWebAppMovies.BusinessLogic\BlazorWebAppMovies.BusinessLogic.csproj", "{DA372DDC-598C-4A25-97FA-A7D11D2D90AA}"
EndProject
Project("{FAE04EC0-301F-11D3-BF4B-00C04F79EFBC}") = "BlazorWebAppMovies.BusinessLogic.UnitTests", "BlazorWebAppMovies.BusinessLogic.UnitTests\BlazorWebAppMovies.BusinessLogic.UnitTests.csproj", "{A5206F26-E143-4FB3-AEBF-9074319E07BB}"
EndProject
Project("{FAE04EC0-301F-11D3-BF4B-00C04F79EFBC}") = "BlazorWebAppMovies.Client.ComponentTests", "BlazorWebAppMovies.Client.ComponentTests\BlazorWebAppMovies.Client.ComponentTests.csproj", "{91746ED0-F765-4FBA-BE28-A8167B032FB9}"
EndProject
Project("{FAE04EC0-301F-11D3-BF4B-00C04F79EFBC}") = "BlazorWebAppMovies.ConsoleProject", "BlazorWebAppMovies.ConsoleProject\BlazorWebAppMovies.ConsoleProject.csproj", "{83B94F72-DB0A-4C31-A4BA-0BD6D14C927C}"
EndProject
Project("{FAE04EC0-301F-11D3-BF4B-00C04F79EFBC}") = "BlazorWebAppMovies.Server.ComponentTests", "BlazorWebAppMovies.Server.ComponentTests\BlazorWebAppMovies.Server.ComponentTests.csproj", "{AB0889A5-5909-4425-92C0-838853AB5356}"
EndProject
Global
	GlobalSection(SolutionConfigurationPlatforms) = preSolution
		Debug|Any CPU = Debug|Any CPU
		Debug|x64 = Debug|x64
		Debug|x86 = Debug|x86
		Release|Any CPU = Release|Any CPU
		Release|x64 = Release|x64
		Release|x86 = Release|x86
	EndGlobalSection
	GlobalSection(ProjectConfigurationPlatforms) = postSolution
		{02040324-5DEF-4D74-8D0C-4F7295B6C33E}.Debug|Any CPU.ActiveCfg = Debug|Any CPU
		{02040324-5DEF-4D74-8D0C-4F7295B6C33E}.Debug|Any CPU.Build.0 = Debug|Any CPU
		{02040324-5DEF-4D74-8D0C-4F7295B6C33E}.Debug|x64.ActiveCfg = Debug|Any CPU
		{02040324-5DEF-4D74-8D0C-4F7295B6C33E}.Debug|x64.Build.0 = Debug|Any CPU
		{02040324-5DEF-4D74-8D0C-4F7295B6C33E}.Debug|x86.ActiveCfg = Debug|Any CPU
		{02040324-5DEF-4D74-8D0C-4F7295B6C33E}.Debug|x86.Build.0 = Debug|Any CPU
		{02040324-5DEF-4D74-8D0C-4F7295B6C33E}.Release|Any CPU.ActiveCfg = Release|Any CPU
		{02040324-5DEF-4D74-8D0C-4F7295B6C33E}.Release|Any CPU.Build.0 = Release|Any CPU
		{02040324-5DEF-4D74-8D0C-4F7295B6C33E}.Release|x64.ActiveCfg = Release|Any CPU
		{02040324-5DEF-4D74-8D0C-4F7295B6C33E}.Release|x64.Build.0 = Release|Any CPU
		{02040324-5DEF-4D74-8D0C-4F7295B6C33E}.Release|x86.ActiveCfg = Release|Any CPU
		{02040324-5DEF-4D74-8D0C-4F7295B6C33E}.Release|x86.Build.0 = Release|Any CPU
		{97846E5D-0C2D-40A8-A13E-B0DC7771EE3C}.Debug|Any CPU.ActiveCfg = Debug|Any CPU
		{97846E5D-0C2D-40A8-A13E-B0DC7771EE3C}.Debug|Any CPU.Build.0 = Debug|Any CPU
		{97846E5D-0C2D-40A8-A13E-B0DC7771EE3C}.Debug|x64.ActiveCfg = Debug|Any CPU
		{97846E5D-0C2D-40A8-A13E-B0DC7771EE3C}.Debug|x64.Build.0 = Debug|Any CPU
		{97846E5D-0C2D-40A8-A13E-B0DC7771EE3C}.Debug|x86.ActiveCfg = Debug|Any CPU
		{97846E5D-0C2D-40A8-A13E-B0DC7771EE3C}.Debug|x86.Build.0 = Debug|Any CPU
		{97846E5D-0C2D-40A8-A13E-B0DC7771EE3C}.Release|Any CPU.ActiveCfg = Release|Any CPU
		{97846E5D-0C2D-40A8-A13E-B0DC7771EE3C}.Release|Any CPU.Build.0 = Release|Any CPU
		{97846E5D-0C2D-40A8-A13E-B0DC7771EE3C}.Release|x64.ActiveCfg = Release|Any CPU
		{97846E5D-0C2D-40A8-A13E-B0DC7771EE3C}.Release|x64.Build.0 = Release|Any CPU
		{97846E5D-0C2D-40A8-A13E-B0DC7771EE3C}.Release|x86.ActiveCfg = Release|Any CPU
		{97846E5D-0C2D-40A8-A13E-B0DC7771EE3C}.Release|x86.Build.0 = Release|Any CPU
		{CB060882-441E-456A-A581-5B515B86ED09}.Debug|Any CPU.ActiveCfg = Debug|Any CPU
		{CB060882-441E-456A-A581-5B515B86ED09}.Debug|Any CPU.Build.0 = Debug|Any CPU
		{CB060882-441E-456A-A581-5B515B86ED09}.Debug|x64.ActiveCfg = Debug|Any CPU
		{CB060882-441E-456A-A581-5B515B86ED09}.Debug|x64.Build.0 = Debug|Any CPU
		{CB060882-441E-456A-A581-5B515B86ED09}.Debug|x86.ActiveCfg = Debug|Any CPU
		{CB060882-441E-456A-A581-5B515B86ED09}.Debug|x86.Build.0 = Debug|Any CPU
		{CB060882-441E-456A-A581-5B515B86ED09}.Release|Any CPU.ActiveCfg = Release|Any CPU
		{CB060882-441E-456A-A581-5B515B86ED09}.Release|Any CPU.Build.0 = Release|Any CPU
		{CB060882-441E-456A-A581-5B515B86ED09}.Release|x64.ActiveCfg = Release|Any CPU
		{CB060882-441E-456A-A581-5B515B86ED09}.Release|x64.Build.0 = Release|Any CPU
		{CB060882-441E-456A-A581-5B515B86ED09}.Release|x86.ActiveCfg = Release|Any CPU
		{CB060882-441E-456A-A581-5B515B86ED09}.Release|x86.Build.0 = Release|Any CPU
		{DA372DDC-598C-4A25-97FA-A7D11D2D90AA}.Debug|Any CPU.ActiveCfg = Debug|Any CPU
		{DA372DDC-598C-4A25-97FA-A7D11D2D90AA}.Debug|Any CPU.Build.0 = Debug|Any CPU
		{DA372DDC-598C-4A25-97FA-A7D11D2D90AA}.Debug|x64.ActiveCfg = Debug|Any CPU
		{DA372DDC-598C-4A25-97FA-A7D11D2D90AA}.Debug|x64.Build.0 = Debug|Any CPU
		{DA372DDC-598C-4A25-97FA-A7D11D2D90AA}.Debug|x86.ActiveCfg = Debug|Any CPU
		{DA372DDC-598C-4A25-97FA-A7D11D2D90AA}.Debug|x86.Build.0 = Debug|Any CPU
		{DA372DDC-598C-4A25-97FA-A7D11D2D90AA}.Release|Any CPU.ActiveCfg = Release|Any CPU
		{DA372DDC-598C-4A25-97FA-A7D11D2D90AA}.Release|Any CPU.Build.0 = Release|Any CPU
		{DA372DDC-598C-4A25-97FA-A7D11D2D90AA}.Release|x64.ActiveCfg = Release|Any CPU
		{DA372DDC-598C-4A25-97FA-A7D11D2D90AA}.Release|x64.Build.0 = Release|Any CPU
		{DA372DDC-598C-4A25-97FA-A7D11D2D90AA}.Release|x86.ActiveCfg = Release|Any CPU
		{DA372DDC-598C-4A25-97FA-A7D11D2D90AA}.Release|x86.Build.0 = Release|Any CPU
		{A5206F26-E143-4FB3-AEBF-9074319E07BB}.Debug|Any CPU.ActiveCfg = Debug|Any CPU
		{A5206F26-E143-4FB3-AEBF-9074319E07BB}.Debug|Any CPU.Build.0 = Debug|Any CPU
		{A5206F26-E143-4FB3-AEBF-9074319E07BB}.Debug|x64.ActiveCfg = Debug|Any CPU
		{A5206F26-E143-4FB3-AEBF-9074319E07BB}.Debug|x64.Build.0 = Debug|Any CPU
		{A5206F26-E143-4FB3-AEBF-9074319E07BB}.Debug|x86.ActiveCfg = Debug|Any CPU
		{A5206F26-E143-4FB3-AEBF-9074319E07BB}.Debug|x86.Build.0 = Debug|Any CPU
		{A5206F26-E143-4FB3-AEBF-9074319E07BB}.Release|Any CPU.ActiveCfg = Release|Any CPU
		{A5206F26-E143-4FB3-AEBF-9074319E07BB}.Release|Any CPU.Build.0 = Release|Any CPU
		{A5206F26-E143-4FB3-AEBF-9074319E07BB}.Release|x64.ActiveCfg = Release|Any CPU
		{A5206F26-E143-4FB3-AEBF-9074319E07BB}.Release|x64.Build.0 = Release|Any CPU
		{A5206F26-E143-4FB3-AEBF-9074319E07BB}.Release|x86.ActiveCfg = Release|Any CPU
		{A5206F26-E143-4FB3-AEBF-9074319E07BB}.Release|x86.Build.0 = Release|Any CPU
		{91746ED0-F765-4FBA-BE28-A8167B032FB9}.Debug|Any CPU.ActiveCfg = Debug|Any CPU
		{91746ED0-F765-4FBA-BE28-A8167B032FB9}.Debug|Any CPU.Build.0 = Debug|Any CPU
		{91746ED0-F765-4FBA-BE28-A8167B032FB9}.Debug|x64.ActiveCfg = Debug|Any CPU
		{91746ED0-F765-4FBA-BE28-A8167B032FB9}.Debug|x64.Build.0 = Debug|Any CPU
		{91746ED0-F765-4FBA-BE28-A8167B032FB9}.Debug|x86.ActiveCfg = Debug|Any CPU
		{91746ED0-F765-4FBA-BE28-A8167B032FB9}.Debug|x86.Build.0 = Debug|Any CPU
		{91746ED0-F765-4FBA-BE28-A8167B032FB9}.Release|Any CPU.ActiveCfg = Release|Any CPU
		{91746ED0-F765-4FBA-BE28-A8167B032FB9}.Release|Any CPU.Build.0 = Release|Any CPU
		{91746ED0-F765-4FBA-BE28-A8167B032FB9}.Release|x64.ActiveCfg = Release|Any CPU
		{91746ED0-F765-4FBA-BE28-A8167B032FB9}.Release|x64.Build.0 = Release|Any CPU
		{91746ED0-F765-4FBA-BE28-A8167B032FB9}.Release|x86.ActiveCfg = Release|Any CPU
		{91746ED0-F765-4FBA-BE28-A8167B032FB9}.Release|x86.Build.0 = Release|Any CPU
		{83B94F72-DB0A-4C31-A4BA-0BD6D14C927C}.Debug|Any CPU.ActiveCfg = Debug|Any CPU
		{83B94F72-DB0A-4C31-A4BA-0BD6D14C927C}.Debug|Any CPU.Build.0 = Debug|Any CPU
		{83B94F72-DB0A-4C31-A4BA-0BD6D14C927C}.Debug|x64.ActiveCfg = Debug|Any CPU
		{83B94F72-DB0A-4C31-A4BA-0BD6D14C927C}.Debug|x64.Build.0 = Debug|Any CPU
		{83B94F72-DB0A-4C31-A4BA-0BD6D14C927C}.Debug|x86.ActiveCfg = Debug|Any CPU
		{83B94F72-DB0A-4C31-A4BA-0BD6D14C927C}.Debug|x86.Build.0 = Debug|Any CPU
		{83B94F72-DB0A-4C31-A4BA-0BD6D14C927C}.Release|Any CPU.ActiveCfg = Release|Any CPU
		{83B94F72-DB0A-4C31-A4BA-0BD6D14C927C}.Release|Any CPU.Build.0 = Release|Any CPU
		{83B94F72-DB0A-4C31-A4BA-0BD6D14C927C}.Release|x64.ActiveCfg = Release|Any CPU
		{83B94F72-DB0A-4C31-A4BA-0BD6D14C927C}.Release|x64.Build.0 = Release|Any CPU
		{83B94F72-DB0A-4C31-A4BA-0BD6D14C927C}.Release|x86.ActiveCfg = Release|Any CPU
		{83B94F72-DB0A-4C31-A4BA-0BD6D14C927C}.Release|x86.Build.0 = Release|Any CPU
		{AB0889A5-5909-4425-92C0-838853AB5356}.Debug|Any CPU.ActiveCfg = Debug|Any CPU
		{AB0889A5-5909-4425-92C0-838853AB5356}.Debug|Any CPU.Build.0 = Debug|Any CPU
		{AB0889A5-5909-4425-92C0-838853AB5356}.Debug|x64.ActiveCfg = Debug|Any CPU
		{AB0889A5-5909-4425-92C0-838853AB5356}.Debug|x64.Build.0 = Debug|Any CPU
		{AB0889A5-5909-4425-92C0-838853AB5356}.Debug|x86.ActiveCfg = Debug|Any CPU
		{AB0889A5-5909-4425-92C0-838853AB5356}.Debug|x86.Build.0 = Debug|Any CPU
		{AB0889A5-5909-4425-92C0-838853AB5356}.Release|Any CPU.ActiveCfg = Release|Any CPU
		{AB0889A5-5909-4425-92C0-838853AB5356}.Release|Any CPU.Build.0 = Release|Any CPU
		{AB0889A5-5909-4425-92C0-838853AB5356}.Release|x64.ActiveCfg = Release|Any CPU
		{AB0889A5-5909-4425-92C0-838853AB5356}.Release|x64.Build.0 = Release|Any CPU
		{AB0889A5-5909-4425-92C0-838853AB5356}.Release|x86.ActiveCfg = Release|Any CPU
		{AB0889A5-5909-4425-92C0-838853AB5356}.Release|x86.Build.0 = Release|Any CPU
	EndGlobalSection
	GlobalSection(SolutionProperties) = preSolution
		HideSolutionNode = FALSE
	EndGlobalSection
	GlobalSection(ExtensibilityGlobals) = postSolution
		SolutionGuid = {A4359EFB-5682-4983-A8D7-633A40A6DE8A}
	EndGlobalSection
EndGlobal
